
Microsoft Visual Studio Solution File, Format Version 12.00
# Visual Studio Version 17
VisualStudioVersion = 17.3.32901.215
MinimumVisualStudioVersion = 10.0.40219.1
Project("{FAE04EC0-301F-11D3-BF4B-00C04F79EFBC}") = "RealEstate.Api", "RealEstate.Api.csproj", "{8BF525C5-D857-44A2-897E-DF9E2FD99899}"
EndProject
Global
	GlobalSection(SolutionConfigurationPlatforms) = preSolution
		Debug|Any CPU = Debug|Any CPU
		Release|Any CPU = Release|Any CPU
	EndGlobalSection
	GlobalSection(ProjectConfigurationPlatforms) = postSolution
		{8BF525C5-D857-44A2-897E-DF9E2FD99899}.Debug|Any CPU.ActiveCfg = Debug|Any CPU
		{8BF525C5-D857-44A2-897E-DF9E2FD99899}.Debug|Any CPU.Build.0 = Debug|Any CPU
		{8BF525C5-D857-44A2-897E-DF9E2FD99899}.Release|Any CPU.ActiveCfg = Release|Any CPU
		{8BF525C5-D857-44A2-897E-DF9E2FD99899}.Release|Any CPU.Build.0 = Release|Any CPU
	EndGlobalSection
	GlobalSection(SolutionProperties) = preSolution
		HideSolutionNode = FALSE
	EndGlobalSection
	GlobalSection(ExtensibilityGlobals) = postSolution
		SolutionGuid = {BC6A9A28-EF6A-414D-AD52-AB1025667D56}
	EndGlobalSection
EndGlobal
